
Microsoft Visual Studio Solution File, Format Version 12.00
# Visual Studio 15
VisualStudioVersion = 15.0.28307.1231
MinimumVisualStudioVersion = 10.0.40219.1
Project("{FAE04EC0-301F-11D3-BF4B-00C04F79EFBC}") = "AplWfa_PrimeiraAplicacao", "AplWfa_PrimeiraAplicacao\AplWfa_PrimeiraAplicacao.csproj", "{D8E1800B-12D4-4239-80EB-B7292ED7FFFB}"
EndProject
Project("{FAE04EC0-301F-11D3-BF4B-00C04F79EFBC}") = "AplCaVariaveis", "AplCaNumericos\AplCaVariaveis.csproj", "{EF6AC8D2-FD9B-4307-BE43-54AAFC7C6398}"
EndProject
Project("{FAE04EC0-301F-11D3-BF4B-00C04F79EFBC}") = "AplWfaOperadoresAritmeticos", "AplWfaOperadoresAritmeticos\AplWfaOperadoresAritmeticos.csproj", "{B16896E7-9A43-4084-8A15-CF53777DE251}"
EndProject
Project("{FAE04EC0-301F-11D3-BF4B-00C04F79EFBC}") = "AplWfaCondicionais", "AplWfaCondicionais\AplWfaCondicionais.csproj", "{9659AF50-53AE-430A-8B0B-4DE3DCE5E854}"
EndProject
Project("{FAE04EC0-301F-11D3-BF4B-00C04F79EFBC}") = "AplWfaRepetidores", "AplWfaRepetidores\AplWfaRepetidores.csproj", "{3798AC92-A611-44FA-AA24-5CDC47B4FC28}"
EndProject
Project("{FAE04EC0-301F-11D3-BF4B-00C04F79EFBC}") = "AplWfaClasses", "AplWfaClasses\AplWfaClasses.csproj", "{232E5F01-A981-4523-926D-DAE9261B5B73}"
EndProject
Project("{FAE04EC0-301F-11D3-BF4B-00C04F79EFBC}") = "AplWfaCassesEMetodos", "AplWfaCassesEMetodos\AplWfaCassesEMetodos.csproj", "{A5968EBE-4143-4529-BA15-C34D7D3A731D}"
EndProject
Project("{FAE04EC0-301F-11D3-BF4B-00C04F79EFBC}") = "AplWfaMetodosEParametros", "AplWfaMetodosEParametros\AplWfaMetodosEParametros.csproj", "{462D5252-7A29-4953-987F-ED41848A5A49}"
EndProject
Project("{FAE04EC0-301F-11D3-BF4B-00C04F79EFBC}") = "AplWfaClassesParametros", "AplWfaClassesParametros\AplWfaClassesParametros.csproj", "{D1CCDE1A-CED6-4F63-9345-E2A856DDE1A9}"
EndProject
Project("{FAE04EC0-301F-11D3-BF4B-00C04F79EFBC}") = "AplWfaCamposPropriedades", "AplWfaCamposPropriedades\AplWfaCamposPropriedades.csproj", "{7684E92B-EDAA-4612-AE1B-DD8B4E019A94}"
EndProject
Project("{FAE04EC0-301F-11D3-BF4B-00C04F79EFBC}") = "AplWfaConstrutorOverloading", "WfaConstrutorOverloading\AplWfaConstrutorOverloading.csproj", "{A30A53A6-28F8-4772-8F87-CD1960283DFF}"
EndProject
Project("{FAE04EC0-301F-11D3-BF4B-00C04F79EFBC}") = "AplWfaEnumeracoes", "AplWfaEnumeracoes\AplWfaEnumeracoes.csproj", "{A91B2333-F9DF-4855-ADB8-EBC81D778899}"
EndProject
Project("{FAE04EC0-301F-11D3-BF4B-00C04F79EFBC}") = "AplWfaClasseEstatica", "AplWfaClasseEstatica\AplWfaClasseEstatica.csproj", "{E5AE52E4-4EB4-4A91-AF0B-634AAD123E9B}"
EndProject
Project("{FAE04EC0-301F-11D3-BF4B-00C04F79EFBC}") = "AplWfaConstantesEstruturas", "AplWfaConstantesEstruturas\AplWfaConstantesEstruturas.csproj", "{03EA6C8B-BE49-414D-BA30-2CB91FEFF406}"
EndProject
Project("{FAE04EC0-301F-11D3-BF4B-00C04F79EFBC}") = "AplWfaClasseParcial", "AplWfaClasseParcial\AplWfaClasseParcial.csproj", "{A1074D28-50F1-4FD3-902F-6675B7897015}"
EndProject
Project("{FAE04EC0-301F-11D3-BF4B-00C04F79EFBC}") = "AplWfaEncapsulamento", "AplWfaEncapsulamento\AplWfaEncapsulamento.csproj", "{66664FCB-FCF6-42CD-8D47-12C041FE23D8}"
EndProject
Project("{FAE04EC0-301F-11D3-BF4B-00C04F79EFBC}") = "AplWfaHeranca", "AplWfaHeranca\AplWfaHeranca.csproj", "{A9F90109-BF01-4BA0-A189-509CC7FC2AFD}"
EndProject
Project("{FAE04EC0-301F-11D3-BF4B-00C04F79EFBC}") = "AplWfaPolimorfismo", "AplWfaPolimorfismo\AplWfaPolimorfismo.csproj", "{BC94D064-A326-482E-9374-23380B5A578F}"
EndProject
Project("{FAE04EC0-301F-11D3-BF4B-00C04F79EFBC}") = "AplWfaFormulario", "AplWfaFormulario\AplWfaFormulario.csproj", "{76F9C4F5-E9E8-4010-B3DF-B585ABD21FF0}"
EndProject
Project("{FAE04EC0-301F-11D3-BF4B-00C04F79EFBC}") = "AplWfaEventos", "AplWfaEventos\AplWfaEventos.csproj", "{EE901026-E9E0-4592-B985-E5B6534A4EC7}"
EndProject
Project("{FAE04EC0-301F-11D3-BF4B-00C04F79EFBC}") = "AplWfaMultiplosForms", "AplWfaMultiplosForms\AplWfaMultiplosForms.csproj", "{D615EDFB-A794-4706-99BF-6F7756C61647}"
EndProject
Project("{FAE04EC0-301F-11D3-BF4B-00C04F79EFBC}") = "AplWfaEnvioRetorno", "AplWfaEnvioRetorno\AplWfaEnvioRetorno.csproj", "{5164BEA2-C4B4-444C-8510-7F032D9516E1}"
EndProject
Project("{FAE04EC0-301F-11D3-BF4B-00C04F79EFBC}") = "AplWfaMenus", "AplWfaMenus\AplWfaMenus.csproj", "{5F84A1E3-68A4-4A69-9F7C-7A066AFB47B1}"
EndProject
Project("{FAE04EC0-301F-11D3-BF4B-00C04F79EFBC}") = "AplWfaMDIProjeto", "AplWfaMDIProjeto\AplWfaMDIProjeto.csproj", "{C0611A32-B1F7-4AAF-B080-2F4445B9F9B3}"
EndProject
Project("{FAE04EC0-301F-11D3-BF4B-00C04F79EFBC}") = "AplWfaDataHora", "AplWfaDataHora\AplWfaDataHora.csproj", "{FA1A2EC4-267B-48CA-8549-8AF9A01C0F85}"
EndProject
Project("{FAE04EC0-301F-11D3-BF4B-00C04F79EFBC}") = "AplWfaCores", "AplWfaCores\AplWfaCores.csproj", "{3DB4CAC6-2ADA-404D-8E31-4E0016D7CF76}"
EndProject
Project("{FAE04EC0-301F-11D3-BF4B-00C04F79EFBC}") = "AplWfaFicheirosTexto", "AplWfaFicheirosTexto\AplWfaFicheirosTexto.csproj", "{D9D84E4B-A9D8-46CD-876B-553758CF4A9C}"
EndProject
Project("{FAE04EC0-301F-11D3-BF4B-00C04F79EFBC}") = "AplWfaConversao", "AplWfaConversao\AplWfaConversao.csproj", "{79342DA8-92D5-414B-A225-916C2E896388}"
EndProject
Project("{FAE04EC0-301F-11D3-BF4B-00C04F79EFBC}") = "AplWfaPastasEFicheiros", "AplWfaPastasEFicheiros\AplWfaPastasEFicheiros.csproj", "{97ABFF64-2E12-4DB2-914E-3467D7953007}"
EndProject
Global
	GlobalSection(SolutionConfigurationPlatforms) = preSolution
		Debug|Any CPU = Debug|Any CPU
		Release|Any CPU = Release|Any CPU
	EndGlobalSection
	GlobalSection(ProjectConfigurationPlatforms) = postSolution
		{D8E1800B-12D4-4239-80EB-B7292ED7FFFB}.Debug|Any CPU.ActiveCfg = Debug|Any CPU
		{D8E1800B-12D4-4239-80EB-B7292ED7FFFB}.Debug|Any CPU.Build.0 = Debug|Any CPU
		{D8E1800B-12D4-4239-80EB-B7292ED7FFFB}.Release|Any CPU.ActiveCfg = Release|Any CPU
		{D8E1800B-12D4-4239-80EB-B7292ED7FFFB}.Release|Any CPU.Build.0 = Release|Any CPU
		{EF6AC8D2-FD9B-4307-BE43-54AAFC7C6398}.Debug|Any CPU.ActiveCfg = Debug|Any CPU
		{EF6AC8D2-FD9B-4307-BE43-54AAFC7C6398}.Debug|Any CPU.Build.0 = Debug|Any CPU
		{EF6AC8D2-FD9B-4307-BE43-54AAFC7C6398}.Release|Any CPU.ActiveCfg = Release|Any CPU
		{EF6AC8D2-FD9B-4307-BE43-54AAFC7C6398}.Release|Any CPU.Build.0 = Release|Any CPU
		{B16896E7-9A43-4084-8A15-CF53777DE251}.Debug|Any CPU.ActiveCfg = Debug|Any CPU
		{B16896E7-9A43-4084-8A15-CF53777DE251}.Debug|Any CPU.Build.0 = Debug|Any CPU
		{B16896E7-9A43-4084-8A15-CF53777DE251}.Release|Any CPU.ActiveCfg = Release|Any CPU
		{B16896E7-9A43-4084-8A15-CF53777DE251}.Release|Any CPU.Build.0 = Release|Any CPU
		{9659AF50-53AE-430A-8B0B-4DE3DCE5E854}.Debug|Any CPU.ActiveCfg = Debug|Any CPU
		{9659AF50-53AE-430A-8B0B-4DE3DCE5E854}.Debug|Any CPU.Build.0 = Debug|Any CPU
		{9659AF50-53AE-430A-8B0B-4DE3DCE5E854}.Release|Any CPU.ActiveCfg = Release|Any CPU
		{9659AF50-53AE-430A-8B0B-4DE3DCE5E854}.Release|Any CPU.Build.0 = Release|Any CPU
		{3798AC92-A611-44FA-AA24-5CDC47B4FC28}.Debug|Any CPU.ActiveCfg = Debug|Any CPU
		{3798AC92-A611-44FA-AA24-5CDC47B4FC28}.Debug|Any CPU.Build.0 = Debug|Any CPU
		{3798AC92-A611-44FA-AA24-5CDC47B4FC28}.Release|Any CPU.ActiveCfg = Release|Any CPU
		{3798AC92-A611-44FA-AA24-5CDC47B4FC28}.Release|Any CPU.Build.0 = Release|Any CPU
		{232E5F01-A981-4523-926D-DAE9261B5B73}.Debug|Any CPU.ActiveCfg = Debug|Any CPU
		{232E5F01-A981-4523-926D-DAE9261B5B73}.Debug|Any CPU.Build.0 = Debug|Any CPU
		{232E5F01-A981-4523-926D-DAE9261B5B73}.Release|Any CPU.ActiveCfg = Release|Any CPU
		{232E5F01-A981-4523-926D-DAE9261B5B73}.Release|Any CPU.Build.0 = Release|Any CPU
		{A5968EBE-4143-4529-BA15-C34D7D3A731D}.Debug|Any CPU.ActiveCfg = Debug|Any CPU
		{A5968EBE-4143-4529-BA15-C34D7D3A731D}.Debug|Any CPU.Build.0 = Debug|Any CPU
		{A5968EBE-4143-4529-BA15-C34D7D3A731D}.Release|Any CPU.ActiveCfg = Release|Any CPU
		{A5968EBE-4143-4529-BA15-C34D7D3A731D}.Release|Any CPU.Build.0 = Release|Any CPU
		{462D5252-7A29-4953-987F-ED41848A5A49}.Debug|Any CPU.ActiveCfg = Debug|Any CPU
		{462D5252-7A29-4953-987F-ED41848A5A49}.Debug|Any CPU.Build.0 = Debug|Any CPU
		{462D5252-7A29-4953-987F-ED41848A5A49}.Release|Any CPU.ActiveCfg = Release|Any CPU
		{462D5252-7A29-4953-987F-ED41848A5A49}.Release|Any CPU.Build.0 = Release|Any CPU
		{D1CCDE1A-CED6-4F63-9345-E2A856DDE1A9}.Debug|Any CPU.ActiveCfg = Debug|Any CPU
		{D1CCDE1A-CED6-4F63-9345-E2A856DDE1A9}.Debug|Any CPU.Build.0 = Debug|Any CPU
		{D1CCDE1A-CED6-4F63-9345-E2A856DDE1A9}.Release|Any CPU.ActiveCfg = Release|Any CPU
		{D1CCDE1A-CED6-4F63-9345-E2A856DDE1A9}.Release|Any CPU.Build.0 = Release|Any CPU
		{7684E92B-EDAA-4612-AE1B-DD8B4E019A94}.Debug|Any CPU.ActiveCfg = Debug|Any CPU
		{7684E92B-EDAA-4612-AE1B-DD8B4E019A94}.Debug|Any CPU.Build.0 = Debug|Any CPU
		{7684E92B-EDAA-4612-AE1B-DD8B4E019A94}.Release|Any CPU.ActiveCfg = Release|Any CPU
		{7684E92B-EDAA-4612-AE1B-DD8B4E019A94}.Release|Any CPU.Build.0 = Release|Any CPU
		{A30A53A6-28F8-4772-8F87-CD1960283DFF}.Debug|Any CPU.ActiveCfg = Debug|Any CPU
		{A30A53A6-28F8-4772-8F87-CD1960283DFF}.Debug|Any CPU.Build.0 = Debug|Any CPU
		{A30A53A6-28F8-4772-8F87-CD1960283DFF}.Release|Any CPU.ActiveCfg = Release|Any CPU
		{A30A53A6-28F8-4772-8F87-CD1960283DFF}.Release|Any CPU.Build.0 = Release|Any CPU
		{A91B2333-F9DF-4855-ADB8-EBC81D778899}.Debug|Any CPU.ActiveCfg = Debug|Any CPU
		{A91B2333-F9DF-4855-ADB8-EBC81D778899}.Debug|Any CPU.Build.0 = Debug|Any CPU
		{A91B2333-F9DF-4855-ADB8-EBC81D778899}.Release|Any CPU.ActiveCfg = Release|Any CPU
		{A91B2333-F9DF-4855-ADB8-EBC81D778899}.Release|Any CPU.Build.0 = Release|Any CPU
		{E5AE52E4-4EB4-4A91-AF0B-634AAD123E9B}.Debug|Any CPU.ActiveCfg = Debug|Any CPU
		{E5AE52E4-4EB4-4A91-AF0B-634AAD123E9B}.Debug|Any CPU.Build.0 = Debug|Any CPU
		{E5AE52E4-4EB4-4A91-AF0B-634AAD123E9B}.Release|Any CPU.ActiveCfg = Release|Any CPU
		{E5AE52E4-4EB4-4A91-AF0B-634AAD123E9B}.Release|Any CPU.Build.0 = Release|Any CPU
		{03EA6C8B-BE49-414D-BA30-2CB91FEFF406}.Debug|Any CPU.ActiveCfg = Debug|Any CPU
		{03EA6C8B-BE49-414D-BA30-2CB91FEFF406}.Debug|Any CPU.Build.0 = Debug|Any CPU
		{03EA6C8B-BE49-414D-BA30-2CB91FEFF406}.Release|Any CPU.ActiveCfg = Release|Any CPU
		{03EA6C8B-BE49-414D-BA30-2CB91FEFF406}.Release|Any CPU.Build.0 = Release|Any CPU
		{A1074D28-50F1-4FD3-902F-6675B7897015}.Debug|Any CPU.ActiveCfg = Debug|Any CPU
		{A1074D28-50F1-4FD3-902F-6675B7897015}.Debug|Any CPU.Build.0 = Debug|Any CPU
		{A1074D28-50F1-4FD3-902F-6675B7897015}.Release|Any CPU.ActiveCfg = Release|Any CPU
		{A1074D28-50F1-4FD3-902F-6675B7897015}.Release|Any CPU.Build.0 = Release|Any CPU
		{66664FCB-FCF6-42CD-8D47-12C041FE23D8}.Debug|Any CPU.ActiveCfg = Debug|Any CPU
		{66664FCB-FCF6-42CD-8D47-12C041FE23D8}.Debug|Any CPU.Build.0 = Debug|Any CPU
		{66664FCB-FCF6-42CD-8D47-12C041FE23D8}.Release|Any CPU.ActiveCfg = Release|Any CPU
		{66664FCB-FCF6-42CD-8D47-12C041FE23D8}.Release|Any CPU.Build.0 = Release|Any CPU
		{A9F90109-BF01-4BA0-A189-509CC7FC2AFD}.Debug|Any CPU.ActiveCfg = Debug|Any CPU
		{A9F90109-BF01-4BA0-A189-509CC7FC2AFD}.Debug|Any CPU.Build.0 = Debug|Any CPU
		{A9F90109-BF01-4BA0-A189-509CC7FC2AFD}.Release|Any CPU.ActiveCfg = Release|Any CPU
		{A9F90109-BF01-4BA0-A189-509CC7FC2AFD}.Release|Any CPU.Build.0 = Release|Any CPU
		{BC94D064-A326-482E-9374-23380B5A578F}.Debug|Any CPU.ActiveCfg = Debug|Any CPU
		{BC94D064-A326-482E-9374-23380B5A578F}.Debug|Any CPU.Build.0 = Debug|Any CPU
		{BC94D064-A326-482E-9374-23380B5A578F}.Release|Any CPU.ActiveCfg = Release|Any CPU
		{BC94D064-A326-482E-9374-23380B5A578F}.Release|Any CPU.Build.0 = Release|Any CPU
		{76F9C4F5-E9E8-4010-B3DF-B585ABD21FF0}.Debug|Any CPU.ActiveCfg = Debug|Any CPU
		{76F9C4F5-E9E8-4010-B3DF-B585ABD21FF0}.Debug|Any CPU.Build.0 = Debug|Any CPU
		{76F9C4F5-E9E8-4010-B3DF-B585ABD21FF0}.Release|Any CPU.ActiveCfg = Release|Any CPU
		{76F9C4F5-E9E8-4010-B3DF-B585ABD21FF0}.Release|Any CPU.Build.0 = Release|Any CPU
		{EE901026-E9E0-4592-B985-E5B6534A4EC7}.Debug|Any CPU.ActiveCfg = Debug|Any CPU
		{EE901026-E9E0-4592-B985-E5B6534A4EC7}.Debug|Any CPU.Build.0 = Debug|Any CPU
		{EE901026-E9E0-4592-B985-E5B6534A4EC7}.Release|Any CPU.ActiveCfg = Release|Any CPU
		{EE901026-E9E0-4592-B985-E5B6534A4EC7}.Release|Any CPU.Build.0 = Release|Any CPU
		{D615EDFB-A794-4706-99BF-6F7756C61647}.Debug|Any CPU.ActiveCfg = Debug|Any CPU
		{D615EDFB-A794-4706-99BF-6F7756C61647}.Debug|Any CPU.Build.0 = Debug|Any CPU
		{D615EDFB-A794-4706-99BF-6F7756C61647}.Release|Any CPU.ActiveCfg = Release|Any CPU
		{D615EDFB-A794-4706-99BF-6F7756C61647}.Release|Any CPU.Build.0 = Release|Any CPU
		{5164BEA2-C4B4-444C-8510-7F032D9516E1}.Debug|Any CPU.ActiveCfg = Debug|Any CPU
		{5164BEA2-C4B4-444C-8510-7F032D9516E1}.Debug|Any CPU.Build.0 = Debug|Any CPU
		{5164BEA2-C4B4-444C-8510-7F032D9516E1}.Release|Any CPU.ActiveCfg = Release|Any CPU
		{5164BEA2-C4B4-444C-8510-7F032D9516E1}.Release|Any CPU.Build.0 = Release|Any CPU
		{5F84A1E3-68A4-4A69-9F7C-7A066AFB47B1}.Debug|Any CPU.ActiveCfg = Debug|Any CPU
		{5F84A1E3-68A4-4A69-9F7C-7A066AFB47B1}.Debug|Any CPU.Build.0 = Debug|Any CPU
		{5F84A1E3-68A4-4A69-9F7C-7A066AFB47B1}.Release|Any CPU.ActiveCfg = Release|Any CPU
		{5F84A1E3-68A4-4A69-9F7C-7A066AFB47B1}.Release|Any CPU.Build.0 = Release|Any CPU
		{C0611A32-B1F7-4AAF-B080-2F4445B9F9B3}.Debug|Any CPU.ActiveCfg = Debug|Any CPU
		{C0611A32-B1F7-4AAF-B080-2F4445B9F9B3}.Debug|Any CPU.Build.0 = Debug|Any CPU
		{C0611A32-B1F7-4AAF-B080-2F4445B9F9B3}.Release|Any CPU.ActiveCfg = Release|Any CPU
		{C0611A32-B1F7-4AAF-B080-2F4445B9F9B3}.Release|Any CPU.Build.0 = Release|Any CPU
		{FA1A2EC4-267B-48CA-8549-8AF9A01C0F85}.Debug|Any CPU.ActiveCfg = Debug|Any CPU
		{FA1A2EC4-267B-48CA-8549-8AF9A01C0F85}.Debug|Any CPU.Build.0 = Debug|Any CPU
		{FA1A2EC4-267B-48CA-8549-8AF9A01C0F85}.Release|Any CPU.ActiveCfg = Release|Any CPU
		{FA1A2EC4-267B-48CA-8549-8AF9A01C0F85}.Release|Any CPU.Build.0 = Release|Any CPU
		{3DB4CAC6-2ADA-404D-8E31-4E0016D7CF76}.Debug|Any CPU.ActiveCfg = Debug|Any CPU
		{3DB4CAC6-2ADA-404D-8E31-4E0016D7CF76}.Debug|Any CPU.Build.0 = Debug|Any CPU
		{3DB4CAC6-2ADA-404D-8E31-4E0016D7CF76}.Release|Any CPU.ActiveCfg = Release|Any CPU
		{3DB4CAC6-2ADA-404D-8E31-4E0016D7CF76}.Release|Any CPU.Build.0 = Release|Any CPU
		{D9D84E4B-A9D8-46CD-876B-553758CF4A9C}.Debug|Any CPU.ActiveCfg = Debug|Any CPU
		{D9D84E4B-A9D8-46CD-876B-553758CF4A9C}.Debug|Any CPU.Build.0 = Debug|Any CPU
		{D9D84E4B-A9D8-46CD-876B-553758CF4A9C}.Release|Any CPU.ActiveCfg = Release|Any CPU
		{D9D84E4B-A9D8-46CD-876B-553758CF4A9C}.Release|Any CPU.Build.0 = Release|Any CPU
		{79342DA8-92D5-414B-A225-916C2E896388}.Debug|Any CPU.ActiveCfg = Debug|Any CPU
		{79342DA8-92D5-414B-A225-916C2E896388}.Debug|Any CPU.Build.0 = Debug|Any CPU
		{79342DA8-92D5-414B-A225-916C2E896388}.Release|Any CPU.ActiveCfg = Release|Any CPU
		{79342DA8-92D5-414B-A225-916C2E896388}.Release|Any CPU.Build.0 = Release|Any CPU
		{97ABFF64-2E12-4DB2-914E-3467D7953007}.Debug|Any CPU.ActiveCfg = Debug|Any CPU
		{97ABFF64-2E12-4DB2-914E-3467D7953007}.Debug|Any CPU.Build.0 = Debug|Any CPU
		{97ABFF64-2E12-4DB2-914E-3467D7953007}.Release|Any CPU.ActiveCfg = Release|Any CPU
		{97ABFF64-2E12-4DB2-914E-3467D7953007}.Release|Any CPU.Build.0 = Release|Any CPU
	EndGlobalSection
	GlobalSection(SolutionProperties) = preSolution
		HideSolutionNode = FALSE
	EndGlobalSection
	GlobalSection(ExtensibilityGlobals) = postSolution
		SolutionGuid = {46532F86-37CB-4A74-A5CA-0BC3EE9D50FC}
	EndGlobalSection
EndGlobal
